
Microsoft Visual Studio Solution File, Format Version 12.00
# Visual Studio 15
VisualStudioVersion = 15.0.28307.271
MinimumVisualStudioVersion = 10.0.40219.1
Project("{F184B08F-C81C-45F6-A57F-5ABD9991F28F}") = "Hospital Management System", "Hospital Management System\Hospital Management System.vbproj", "{9B64BBE8-C3E3-4466-BDAD-5E9102AAD3F0}"
EndProject
Global
	GlobalSection(SolutionConfigurationPlatforms) = preSolution
		Debug|Any CPU = Debug|Any CPU
		Release|Any CPU = Release|Any CPU
	EndGlobalSection
	GlobalSection(ProjectConfigurationPlatforms) = postSolution
		{9B64BBE8-C3E3-4466-BDAD-5E9102AAD3F0}.Debug|Any CPU.ActiveCfg = Debug|Any CPU
		{9B64BBE8-C3E3-4466-BDAD-5E9102AAD3F0}.Debug|Any CPU.Build.0 = Debug|Any CPU
		{9B64BBE8-C3E3-4466-BDAD-5E9102AAD3F0}.Release|Any CPU.ActiveCfg = Release|Any CPU
		{9B64BBE8-C3E3-4466-BDAD-5E9102AAD3F0}.Release|Any CPU.Build.0 = Release|Any CPU
	EndGlobalSection
	GlobalSection(SolutionProperties) = preSolution
		HideSolutionNode = FALSE
	EndGlobalSection
	GlobalSection(ExtensibilityGlobals) = postSolution
		SolutionGuid = {BA328DD9-84AF-4D5F-954B-D8274CE924FD}
	EndGlobalSection
EndGlobal
